
Microsoft Visual Studio Solution File, Format Version 12.00
Project("{FAE04EC0-301F-11D3-BF4B-00C04F79EFBC}") = "Api", "Api\Api.csproj", "{5E54B46C-EB45-431A-8AA6-BD76D0A202FB}"
EndProject
Project("{FAE04EC0-301F-11D3-BF4B-00C04F79EFBC}") = "BLL", "BLL\BLL.csproj", "{F83BE197-6646-43F9-B368-DB9514D5DA6D}"
EndProject
Project("{FAE04EC0-301F-11D3-BF4B-00C04F79EFBC}") = "Configurations", "Configurations\Configurations.csproj", "{3C4FF6E9-B73D-44C7-A3AF-D8628F258A1C}"
EndProject
Project("{FAE04EC0-301F-11D3-BF4B-00C04F79EFBC}") = "BaseTelegramProject", "BaseTelegramProject\BaseTelegramProject.csproj", "{32F2C4FC-6C2C-4600-A308-B7B75BED24C0}"
EndProject
Global
	GlobalSection(SolutionConfigurationPlatforms) = preSolution
		Debug|Any CPU = Debug|Any CPU
		Release|Any CPU = Release|Any CPU
	EndGlobalSection
	GlobalSection(ProjectConfigurationPlatforms) = postSolution
		{5E54B46C-EB45-431A-8AA6-BD76D0A202FB}.Debug|Any CPU.ActiveCfg = Debug|Any CPU
		{5E54B46C-EB45-431A-8AA6-BD76D0A202FB}.Debug|Any CPU.Build.0 = Debug|Any CPU
		{5E54B46C-EB45-431A-8AA6-BD76D0A202FB}.Release|Any CPU.ActiveCfg = Release|Any CPU
		{5E54B46C-EB45-431A-8AA6-BD76D0A202FB}.Release|Any CPU.Build.0 = Release|Any CPU
		{F83BE197-6646-43F9-B368-DB9514D5DA6D}.Debug|Any CPU.ActiveCfg = Debug|Any CPU
		{F83BE197-6646-43F9-B368-DB9514D5DA6D}.Debug|Any CPU.Build.0 = Debug|Any CPU
		{F83BE197-6646-43F9-B368-DB9514D5DA6D}.Release|Any CPU.ActiveCfg = Release|Any CPU
		{F83BE197-6646-43F9-B368-DB9514D5DA6D}.Release|Any CPU.Build.0 = Release|Any CPU
		{3C4FF6E9-B73D-44C7-A3AF-D8628F258A1C}.Debug|Any CPU.ActiveCfg = Debug|Any CPU
		{3C4FF6E9-B73D-44C7-A3AF-D8628F258A1C}.Debug|Any CPU.Build.0 = Debug|Any CPU
		{3C4FF6E9-B73D-44C7-A3AF-D8628F258A1C}.Release|Any CPU.ActiveCfg = Release|Any CPU
		{3C4FF6E9-B73D-44C7-A3AF-D8628F258A1C}.Release|Any CPU.Build.0 = Release|Any CPU
		{32F2C4FC-6C2C-4600-A308-B7B75BED24C0}.Debug|Any CPU.ActiveCfg = Debug|Any CPU
		{32F2C4FC-6C2C-4600-A308-B7B75BED24C0}.Debug|Any CPU.Build.0 = Debug|Any CPU
		{32F2C4FC-6C2C-4600-A308-B7B75BED24C0}.Release|Any CPU.ActiveCfg = Release|Any CPU
		{32F2C4FC-6C2C-4600-A308-B7B75BED24C0}.Release|Any CPU.Build.0 = Release|Any CPU
	EndGlobalSection
EndGlobal
